
Microsoft Visual Studio Solution File, Format Version 12.00
# Visual Studio Version 16
VisualStudioVersion = 16.0.29911.84
MinimumVisualStudioVersion = 10.0.40219.1
Project("{FAE04EC0-301F-11D3-BF4B-00C04F79EFBC}") = "Mocky", "Mocky\Mocky.csproj", "{1BFD4B6F-31B0-47F8-9202-61F4EC99AD07}"
EndProject
Global
	GlobalSection(SolutionConfigurationPlatforms) = preSolution
		Debug|Any CPU = Debug|Any CPU
		Release|Any CPU = Release|Any CPU
	EndGlobalSection
	GlobalSection(ProjectConfigurationPlatforms) = postSolution
		{1BFD4B6F-31B0-47F8-9202-61F4EC99AD07}.Debug|Any CPU.ActiveCfg = Debug|Any CPU
		{1BFD4B6F-31B0-47F8-9202-61F4EC99AD07}.Debug|Any CPU.Build.0 = Debug|Any CPU
		{1BFD4B6F-31B0-47F8-9202-61F4EC99AD07}.Release|Any CPU.ActiveCfg = Release|Any CPU
		{1BFD4B6F-31B0-47F8-9202-61F4EC99AD07}.Release|Any CPU.Build.0 = Release|Any CPU
	EndGlobalSection
	GlobalSection(SolutionProperties) = preSolution
		HideSolutionNode = FALSE
	EndGlobalSection
	GlobalSection(ExtensibilityGlobals) = postSolution
		SolutionGuid = {2AAE3E6F-52D1-47F3-954A-28BC8A8E6AB6}
	EndGlobalSection
EndGlobal
